
Microsoft Visual Studio Solution File, Format Version 11.00
# Visual Studio 2010
Project("{8BC9CEB8-8B4A-11D0-8D11-00A0C91BC942}") = "lba_nf", "lba_nf.vcxproj", "{302BE3F5-BFC7-4F5C-9F02-84EE6F4267F7}"
EndProject
Global
	GlobalSection(SolutionConfigurationPlatforms) = preSolution
		Debug|Win32 = Debug|Win32
		Release|Win32 = Release|Win32
	EndGlobalSection
	GlobalSection(ProjectConfigurationPlatforms) = postSolution
		{302BE3F5-BFC7-4F5C-9F02-84EE6F4267F7}.Debug|Win32.ActiveCfg = Debug|Win32
		{302BE3F5-BFC7-4F5C-9F02-84EE6F4267F7}.Debug|Win32.Build.0 = Debug|Win32
		{302BE3F5-BFC7-4F5C-9F02-84EE6F4267F7}.Release|Win32.ActiveCfg = Release|Win32
		{302BE3F5-BFC7-4F5C-9F02-84EE6F4267F7}.Release|Win32.Build.0 = Release|Win32
	EndGlobalSection
	GlobalSection(SolutionProperties) = preSolution
		HideSolutionNode = FALSE
	EndGlobalSection
EndGlobal
